
Microsoft Visual Studio Solution File, Format Version 12.00
# Visual Studio Version 17
VisualStudioVersion = 17.13.35806.99
MinimumVisualStudioVersion = 10.0.40219.1
Project("{8BC9CEB8-8B4A-11D0-8D11-00A0C91BC942}") = "WinAPI", "WinAPI\WinAPI.vcxproj", "{C742A7FF-31A1-4A46-80E6-610A08E45F1E}"
EndProject
Project("{8BC9CEB8-8B4A-11D0-8D11-00A0C91BC942}") = "ComboBox", "ComboBox\ComboBox.vcxproj", "{B30992F1-EC8C-40F6-9842-A9ED336F53E0}"
EndProject
Project("{8BC9CEB8-8B4A-11D0-8D11-00A0C91BC942}") = "MainWindow", "MainWindow\MainWindow.vcxproj", "{13F441B3-0A74-412A-AEA5-60AA81DB9639}"
EndProject
Global
	GlobalSection(SolutionConfigurationPlatforms) = preSolution
		Debug|x64 = Debug|x64
		Debug|x86 = Debug|x86
		Release|x64 = Release|x64
		Release|x86 = Release|x86
	EndGlobalSection
	GlobalSection(ProjectConfigurationPlatforms) = postSolution
		{C742A7FF-31A1-4A46-80E6-610A08E45F1E}.Debug|x64.ActiveCfg = Debug|x64
		{C742A7FF-31A1-4A46-80E6-610A08E45F1E}.Debug|x64.Build.0 = Debug|x64
		{C742A7FF-31A1-4A46-80E6-610A08E45F1E}.Debug|x86.ActiveCfg = Debug|Win32
		{C742A7FF-31A1-4A46-80E6-610A08E45F1E}.Debug|x86.Build.0 = Debug|Win32
		{C742A7FF-31A1-4A46-80E6-610A08E45F1E}.Release|x64.ActiveCfg = Release|x64
		{C742A7FF-31A1-4A46-80E6-610A08E45F1E}.Release|x64.Build.0 = Release|x64
		{C742A7FF-31A1-4A46-80E6-610A08E45F1E}.Release|x86.ActiveCfg = Release|Win32
		{C742A7FF-31A1-4A46-80E6-610A08E45F1E}.Release|x86.Build.0 = Release|Win32
		{B30992F1-EC8C-40F6-9842-A9ED336F53E0}.Debug|x64.ActiveCfg = Debug|x64
		{B30992F1-EC8C-40F6-9842-A9ED336F53E0}.Debug|x64.Build.0 = Debug|x64
		{B30992F1-EC8C-40F6-9842-A9ED336F53E0}.Debug|x86.ActiveCfg = Debug|Win32
		{B30992F1-EC8C-40F6-9842-A9ED336F53E0}.Debug|x86.Build.0 = Debug|Win32
		{B30992F1-EC8C-40F6-9842-A9ED336F53E0}.Release|x64.ActiveCfg = Release|x64
		{B30992F1-EC8C-40F6-9842-A9ED336F53E0}.Release|x64.Build.0 = Release|x64
		{B30992F1-EC8C-40F6-9842-A9ED336F53E0}.Release|x86.ActiveCfg = Release|Win32
		{B30992F1-EC8C-40F6-9842-A9ED336F53E0}.Release|x86.Build.0 = Release|Win32
		{13F441B3-0A74-412A-AEA5-60AA81DB9639}.Debug|x64.ActiveCfg = Debug|x64
		{13F441B3-0A74-412A-AEA5-60AA81DB9639}.Debug|x64.Build.0 = Debug|x64
		{13F441B3-0A74-412A-AEA5-60AA81DB9639}.Debug|x86.ActiveCfg = Debug|Win32
		{13F441B3-0A74-412A-AEA5-60AA81DB9639}.Debug|x86.Build.0 = Debug|Win32
		{13F441B3-0A74-412A-AEA5-60AA81DB9639}.Release|x64.ActiveCfg = Release|x64
		{13F441B3-0A74-412A-AEA5-60AA81DB9639}.Release|x64.Build.0 = Release|x64
		{13F441B3-0A74-412A-AEA5-60AA81DB9639}.Release|x86.ActiveCfg = Release|Win32
		{13F441B3-0A74-412A-AEA5-60AA81DB9639}.Release|x86.Build.0 = Release|Win32
	EndGlobalSection
	GlobalSection(SolutionProperties) = preSolution
		HideSolutionNode = FALSE
	EndGlobalSection
	GlobalSection(ExtensibilityGlobals) = postSolution
		SolutionGuid = {BECB9F8B-0491-44AE-B24E-C8C1ACB0B46C}
	EndGlobalSection
EndGlobal
